
Microsoft Visual Studio Solution File, Format Version 12.00
# Visual Studio 15
VisualStudioVersion = 15.0.26730.16
MinimumVisualStudioVersion = 10.0.40219.1
Project("{FAE04EC0-301F-11D3-BF4B-00C04F79EFBC}") = "AKQA", "AKQA\AKQA.csproj", "{545256BB-2305-4CE3-BC34-9D28056D3A52}"
EndProject
Global
	GlobalSection(SolutionConfigurationPlatforms) = preSolution
		Debug|Any CPU = Debug|Any CPU
		Release|Any CPU = Release|Any CPU
	EndGlobalSection
	GlobalSection(ProjectConfigurationPlatforms) = postSolution
		{545256BB-2305-4CE3-BC34-9D28056D3A52}.Debug|Any CPU.ActiveCfg = Debug|Any CPU
		{545256BB-2305-4CE3-BC34-9D28056D3A52}.Debug|Any CPU.Build.0 = Debug|Any CPU
		{545256BB-2305-4CE3-BC34-9D28056D3A52}.Release|Any CPU.ActiveCfg = Release|Any CPU
		{545256BB-2305-4CE3-BC34-9D28056D3A52}.Release|Any CPU.Build.0 = Release|Any CPU
	EndGlobalSection
	GlobalSection(SolutionProperties) = preSolution
		HideSolutionNode = FALSE
	EndGlobalSection
	GlobalSection(ExtensibilityGlobals) = postSolution
		SolutionGuid = {8F43ECF5-06AA-49E1-832A-CE825E302E81}
	EndGlobalSection
EndGlobal
